
Microsoft Visual Studio Solution File, Format Version 12.00
# Blend for Visual Studio Version 17
VisualStudioVersion = 17.0.32014.148
MinimumVisualStudioVersion = 10.0.40219.1
Project("{9A19103F-16F7-4668-BE54-9A1E7A4F7556}") = "myproject1", "myproject1\myproject1.csproj", "{BA42D174-689E-4673-BD72-BF790E8B00DF}"
EndProject
Global
	GlobalSection(SolutionConfigurationPlatforms) = preSolution
		Debug|Any CPU = Debug|Any CPU
		Release|Any CPU = Release|Any CPU
	EndGlobalSection
	GlobalSection(ProjectConfigurationPlatforms) = postSolution
		{BA42D174-689E-4673-BD72-BF790E8B00DF}.Debug|Any CPU.ActiveCfg = Debug|Any CPU
		{BA42D174-689E-4673-BD72-BF790E8B00DF}.Debug|Any CPU.Build.0 = Debug|Any CPU
		{BA42D174-689E-4673-BD72-BF790E8B00DF}.Release|Any CPU.ActiveCfg = Release|Any CPU
		{BA42D174-689E-4673-BD72-BF790E8B00DF}.Release|Any CPU.Build.0 = Release|Any CPU
	EndGlobalSection
	GlobalSection(SolutionProperties) = preSolution
		HideSolutionNode = FALSE
	EndGlobalSection
	GlobalSection(ExtensibilityGlobals) = postSolution
		SolutionGuid = {D39BAAE6-6356-44E9-99B0-161A282F5F22}
	EndGlobalSection
EndGlobal
